// !$*UTF8*$!
{
	archiveVersion = 1;
	classes = {
	};
	objectVersion = 56;
	objects = {

/* Begin PBXBuildFile section */
		78069D472A30E7070092D1F2 /* CategoryDetailsView.swift in Sources */ = {isa = PBXBuildFile; fileRef = 78069D462A30E7070092D1F2 /* CategoryDetailsView.swift */; };
		78069D492A3183840092D1F2 /* ActivityIndicatiorView.swift in Sources */ = {isa = PBXBuildFile; fileRef = 78069D482A3183840092D1F2 /* ActivityIndicatiorView.swift */; };
		78069D4B2A31846C0092D1F2 /* Place.swift in Sources */ = {isa = PBXBuildFile; fileRef = 78069D4A2A31846C0092D1F2 /* Place.swift */; };
		78069D4E2A32DDC80092D1F2 /* Kingfisher in Frameworks */ = {isa = PBXBuildFile; productRef = 78069D4D2A32DDC80092D1F2 /* Kingfisher */; };
		78069D512A35913F0092D1F2 /* NavigationLazyView.swift in Sources */ = {isa = PBXBuildFile; fileRef = 78069D502A35913F0092D1F2 /* NavigationLazyView.swift */; };
		78069D552A35A6C20092D1F2 /* PopularDestinationDetailsView.swift in Sources */ = {isa = PBXBuildFile; fileRef = 78069D542A35A6C20092D1F2 /* PopularDestinationDetailsView.swift */; };
		78069D572A38CB7A0092D1F2 /* Attraction.swift in Sources */ = {isa = PBXBuildFile; fileRef = 78069D562A38CB7A0092D1F2 /* Attraction.swift */; };
		78069D592A38D1FC0092D1F2 /* DestinationViewHeader.swift in Sources */ = {isa = PBXBuildFile; fileRef = 78069D582A38D1FC0092D1F2 /* DestinationViewHeader.swift */; };
		781418C62A40572300C67D23 /* RestaurantDetailsView.swift in Sources */ = {isa = PBXBuildFile; fileRef = 781418C52A40572300C67D23 /* RestaurantDetailsView.swift */; };
		781418C82A40AD7700C67D23 /* DishCell.swift in Sources */ = {isa = PBXBuildFile; fileRef = 781418C72A40AD7700C67D23 /* DishCell.swift */; };
		781418CA2A40ADA300C67D23 /* RestaurantDetailsViewMode.swift in Sources */ = {isa = PBXBuildFile; fileRef = 781418C92A40ADA300C67D23 /* RestaurantDetailsViewMode.swift */; };
		781D16922A2B1AFD004E12C4 /* TravelDiscoveryApp.swift in Sources */ = {isa = PBXBuildFile; fileRef = 781D16912A2B1AFD004E12C4 /* TravelDiscoveryApp.swift */; };
		781D16942A2B1AFD004E12C4 /* DiscoverView.swift in Sources */ = {isa = PBXBuildFile; fileRef = 781D16932A2B1AFD004E12C4 /* DiscoverView.swift */; };
		781D16962A2B1AFD004E12C4 /* Assets.xcassets in Resources */ = {isa = PBXBuildFile; fileRef = 781D16952A2B1AFD004E12C4 /* Assets.xcassets */; };
		781D16992A2B1AFD004E12C4 /* Preview Assets.xcassets in Resources */ = {isa = PBXBuildFile; fileRef = 781D16982A2B1AFD004E12C4 /* Preview Assets.xcassets */; };
		781D16A22A2E3FD5004E12C4 /* PopularRestaurantsView.swift in Sources */ = {isa = PBXBuildFile; fileRef = 781D16A12A2E3FD5004E12C4 /* PopularRestaurantsView.swift */; };
		781D16A42A2E404E004E12C4 /* PopularDestinationsView.swift in Sources */ = {isa = PBXBuildFile; fileRef = 781D16A32A2E404E004E12C4 /* PopularDestinationsView.swift */; };
		781D16A62A2E40A7004E12C4 /* DiscoverCategoriesView.swift in Sources */ = {isa = PBXBuildFile; fileRef = 781D16A52A2E40A7004E12C4 /* DiscoverCategoriesView.swift */; };
		781D16A82A2E40CC004E12C4 /* TrendingCreatorView.swift in Sources */ = {isa = PBXBuildFile; fileRef = 781D16A72A2E40CC004E12C4 /* TrendingCreatorView.swift */; };
		781D16AB2A2E4455004E12C4 /* Restaurants.swift in Sources */ = {isa = PBXBuildFile; fileRef = 781D16AA2A2E4455004E12C4 /* Restaurants.swift */; };
		781D16AD2A2E447E004E12C4 /* Destination.swift in Sources */ = {isa = PBXBuildFile; fileRef = 781D16AC2A2E447E004E12C4 /* Destination.swift */; };
		781D16AF2A2E4495004E12C4 /* Category.swift in Sources */ = {isa = PBXBuildFile; fileRef = 781D16AE2A2E4495004E12C4 /* Category.swift */; };
		781D16B12A2E44E9004E12C4 /* Creatore.swift in Sources */ = {isa = PBXBuildFile; fileRef = 781D16B02A2E44E9004E12C4 /* Creatore.swift */; };
		78510D1B2A3C81BB00CD5455 /* Constants.swift in Sources */ = {isa = PBXBuildFile; fileRef = 78510D1A2A3C81BB00CD5455 /* Constants.swift */; };
		78510D1D2A3C918D00CD5455 /* CategoryDetailsViewModel.swift in Sources */ = {isa = PBXBuildFile; fileRef = 78510D1C2A3C918D00CD5455 /* CategoryDetailsViewModel.swift */; };
		785D609F2A46197E0035A0D3 /* RestaurantCarouselView.swift in Sources */ = {isa = PBXBuildFile; fileRef = 785D609E2A46197E0035A0D3 /* RestaurantCarouselView.swift */; };
		785D60A22A4710FB0035A0D3 /* UserDetailsView.swift in Sources */ = {isa = PBXBuildFile; fileRef = 785D60A12A4710FB0035A0D3 /* UserDetailsView.swift */; };
		78D37F6E2A41FA0800A58095 /* ReviewList.swift in Sources */ = {isa = PBXBuildFile; fileRef = 78D37F6D2A41FA0800A58095 /* ReviewList.swift */; };
		78D37F712A43526900A58095 /* RestaurantPhotosView.swift in Sources */ = {isa = PBXBuildFile; fileRef = 78D37F702A43526900A58095 /* RestaurantPhotosView.swift */; };
/* End PBXBuildFile section */

/* Begin PBXFileReference section */
		78069D462A30E7070092D1F2 /* CategoryDetailsView.swift */ = {isa = PBXFileReference; lastKnownFileType = sourcecode.swift; path = CategoryDetailsView.swift; sourceTree = "<group>"; };
		78069D482A3183840092D1F2 /* ActivityIndicatiorView.swift */ = {isa = PBXFileReference; lastKnownFileType = sourcecode.swift; path = ActivityIndicatiorView.swift; sourceTree = "<group>"; };
		78069D4A2A31846C0092D1F2 /* Place.swift */ = {isa = PBXFileReference; lastKnownFileType = sourcecode.swift; path = Place.swift; sourceTree = "<group>"; };
		78069D502A35913F0092D1F2 /* NavigationLazyView.swift */ = {isa = PBXFileReference; lastKnownFileType = sourcecode.swift; path = NavigationLazyView.swift; sourceTree = "<group>"; };
		78069D542A35A6C20092D1F2 /* PopularDestinationDetailsView.swift */ = {isa = PBXFileReference; lastKnownFileType = sourcecode.swift; path = PopularDestinationDetailsView.swift; sourceTree = "<group>"; };
		78069D562A38CB7A0092D1F2 /* Attraction.swift */ = {isa = PBXFileReference; lastKnownFileType = sourcecode.swift; path = Attraction.swift; sourceTree = "<group>"; };
		78069D582A38D1FC0092D1F2 /* DestinationViewHeader.swift */ = {isa = PBXFileReference; lastKnownFileType = sourcecode.swift; path = DestinationViewHeader.swift; sourceTree = "<group>"; };
		781418C52A40572300C67D23 /* RestaurantDetailsView.swift */ = {isa = PBXFileReference; lastKnownFileType = sourcecode.swift; path = RestaurantDetailsView.swift; sourceTree = "<group>"; };
		781418C72A40AD7700C67D23 /* DishCell.swift */ = {isa = PBXFileReference; lastKnownFileType = sourcecode.swift; path = DishCell.swift; sourceTree = "<group>"; };
		781418C92A40ADA300C67D23 /* RestaurantDetailsViewMode.swift */ = {isa = PBXFileReference; lastKnownFileType = sourcecode.swift; path = RestaurantDetailsViewMode.swift; sourceTree = "<group>"; };
		781D168E2A2B1AFD004E12C4 /* TravelDiscovery.app */ = {isa = PBXFileReference; explicitFileType = wrapper.application; includeInIndex = 0; path = TravelDiscovery.app; sourceTree = BUILT_PRODUCTS_DIR; };
		781D16912A2B1AFD004E12C4 /* TravelDiscoveryApp.swift */ = {isa = PBXFileReference; lastKnownFileType = sourcecode.swift; path = TravelDiscoveryApp.swift; sourceTree = "<group>"; };
		781D16932A2B1AFD004E12C4 /* DiscoverView.swift */ = {isa = PBXFileReference; lastKnownFileType = sourcecode.swift; path = DiscoverView.swift; sourceTree = "<group>"; };
		781D16952A2B1AFD004E12C4 /* Assets.xcassets */ = {isa = PBXFileReference; lastKnownFileType = folder.assetcatalog; path = Assets.xcassets; sourceTree = "<group>"; };
		781D16982A2B1AFD004E12C4 /* Preview Assets.xcassets */ = {isa = PBXFileReference; lastKnownFileType = folder.assetcatalog; path = "Preview Assets.xcassets"; sourceTree = "<group>"; };
		781D16A12A2E3FD5004E12C4 /* PopularRestaurantsView.swift */ = {isa = PBXFileReference; lastKnownFileType = sourcecode.swift; path = PopularRestaurantsView.swift; sourceTree = "<group>"; };
		781D16A32A2E404E004E12C4 /* PopularDestinationsView.swift */ = {isa = PBXFileReference; lastKnownFileType = sourcecode.swift; path = PopularDestinationsView.swift; sourceTree = "<group>"; };
		781D16A52A2E40A7004E12C4 /* DiscoverCategoriesView.swift */ = {isa = PBXFileReference; lastKnownFileType = sourcecode.swift; path = DiscoverCategoriesView.swift; sourceTree = "<group>"; };
		781D16A72A2E40CC004E12C4 /* TrendingCreatorView.swift */ = {isa = PBXFileReference; lastKnownFileType = sourcecode.swift; path = TrendingCreatorView.swift; sourceTree = "<group>"; };
		781D16AA2A2E4455004E12C4 /* Restaurants.swift */ = {isa = PBXFileReference; lastKnownFileType = sourcecode.swift; path = Restaurants.swift; sourceTree = "<group>"; };
		781D16AC2A2E447E004E12C4 /* Destination.swift */ = {isa = PBXFileReference; lastKnownFileType = sourcecode.swift; path = Destination.swift; sourceTree = "<group>"; };
		781D16AE2A2E4495004E12C4 /* Category.swift */ = {isa = PBXFileReference; lastKnownFileType = sourcecode.swift; path = Category.swift; sourceTree = "<group>"; };
		781D16B02A2E44E9004E12C4 /* Creatore.swift */ = {isa = PBXFileReference; lastKnownFileType = sourcecode.swift; path = Creatore.swift; sourceTree = "<group>"; };
		78510D1A2A3C81BB00CD5455 /* Constants.swift */ = {isa = PBXFileReference; lastKnownFileType = sourcecode.swift; path = Constants.swift; sourceTree = "<group>"; };
		78510D1C2A3C918D00CD5455 /* CategoryDetailsViewModel.swift */ = {isa = PBXFileReference; lastKnownFileType = sourcecode.swift; path = CategoryDetailsViewModel.swift; sourceTree = "<group>"; };
		785D609E2A46197E0035A0D3 /* RestaurantCarouselView.swift */ = {isa = PBXFileReference; lastKnownFileType = sourcecode.swift; path = RestaurantCarouselView.swift; sourceTree = "<group>"; };
		785D60A12A4710FB0035A0D3 /* UserDetailsView.swift */ = {isa = PBXFileReference; lastKnownFileType = sourcecode.swift; path = UserDetailsView.swift; sourceTree = "<group>"; };
		78D37F6D2A41FA0800A58095 /* ReviewList.swift */ = {isa = PBXFileReference; lastKnownFileType = sourcecode.swift; path = ReviewList.swift; sourceTree = "<group>"; };
		78D37F702A43526900A58095 /* RestaurantPhotosView.swift */ = {isa = PBXFileReference; lastKnownFileType = sourcecode.swift; path = RestaurantPhotosView.swift; sourceTree = "<group>"; };
/* End PBXFileReference section */

/* Begin PBXFrameworksBuildPhase section */
		781D168B2A2B1AFD004E12C4 /* Frameworks */ = {
			isa = PBXFrameworksBuildPhase;
			buildActionMask = 2147483647;
			files = (
				78069D4E2A32DDC80092D1F2 /* Kingfisher in Frameworks */,
			);
			runOnlyForDeploymentPostprocessing = 0;
		};
/* End PBXFrameworksBuildPhase section */

/* Begin PBXGroup section */
		78069D4F2A3591200092D1F2 /* Utility */ = {
			isa = PBXGroup;
			children = (
				78069D482A3183840092D1F2 /* ActivityIndicatiorView.swift */,
				78069D502A35913F0092D1F2 /* NavigationLazyView.swift */,
			);
			path = Utility;
			sourceTree = "<group>";
		};
		78069D522A35A29D0092D1F2 /* CategoryDetailsView */ = {
			isa = PBXGroup;
			children = (
				78069D462A30E7070092D1F2 /* CategoryDetailsView.swift */,
				78510D1C2A3C918D00CD5455 /* CategoryDetailsViewModel.swift */,
			);
			path = CategoryDetailsView;
			sourceTree = "<group>";
		};
		78069D532A35A2B80092D1F2 /* PopularDestination */ = {
			isa = PBXGroup;
			children = (
				78069D542A35A6C20092D1F2 /* PopularDestinationDetailsView.swift */,
				78069D582A38D1FC0092D1F2 /* DestinationViewHeader.swift */,
			);
			path = PopularDestination;
			sourceTree = "<group>";
		};
		781418C42A40570200C67D23 /* RestaurantsDetails */ = {
			isa = PBXGroup;
			children = (
				78D37F6F2A43525300A58095 /* Photos */,
				781418C52A40572300C67D23 /* RestaurantDetailsView.swift */,
				781418C72A40AD7700C67D23 /* DishCell.swift */,
				781418C92A40ADA300C67D23 /* RestaurantDetailsViewMode.swift */,
				78D37F6D2A41FA0800A58095 /* ReviewList.swift */,
			);
			path = RestaurantsDetails;
			sourceTree = "<group>";
		};
		781D16852A2B1AFD004E12C4 = {
			isa = PBXGroup;
			children = (
				781D16902A2B1AFD004E12C4 /* TravelDiscovery */,
				781D168F2A2B1AFD004E12C4 /* Products */,
			);
			sourceTree = "<group>";
		};
		781D168F2A2B1AFD004E12C4 /* Products */ = {
			isa = PBXGroup;
			children = (
				781D168E2A2B1AFD004E12C4 /* TravelDiscovery.app */,
			);
			name = Products;
			sourceTree = "<group>";
		};
		781D16902A2B1AFD004E12C4 /* TravelDiscovery */ = {
			isa = PBXGroup;
			children = (
				781D16A02A2E3ED1004E12C4 /* Discover */,
				785D60A02A4710DE0035A0D3 /* User View */,
				781418C42A40570200C67D23 /* RestaurantsDetails */,
				78069D532A35A2B80092D1F2 /* PopularDestination */,
				78069D522A35A29D0092D1F2 /* CategoryDetailsView */,
				78069D4F2A3591200092D1F2 /* Utility */,
				781D16A92A2E441D004E12C4 /* Model */,
				781D16912A2B1AFD004E12C4 /* TravelDiscoveryApp.swift */,
				781D16952A2B1AFD004E12C4 /* Assets.xcassets */,
				781D16972A2B1AFD004E12C4 /* Preview Content */,
			);
			path = TravelDiscovery;
			sourceTree = "<group>";
		};
		781D16972A2B1AFD004E12C4 /* Preview Content */ = {
			isa = PBXGroup;
			children = (
				781D16982A2B1AFD004E12C4 /* Preview Assets.xcassets */,
			);
			path = "Preview Content";
			sourceTree = "<group>";
		};
		781D16A02A2E3ED1004E12C4 /* Discover */ = {
			isa = PBXGroup;
			children = (
				781D16932A2B1AFD004E12C4 /* DiscoverView.swift */,
				781D16A12A2E3FD5004E12C4 /* PopularRestaurantsView.swift */,
				781D16A32A2E404E004E12C4 /* PopularDestinationsView.swift */,
				781D16A52A2E40A7004E12C4 /* DiscoverCategoriesView.swift */,
			);
			path = Discover;
			sourceTree = "<group>";
		};
		781D16A92A2E441D004E12C4 /* Model */ = {
			isa = PBXGroup;
			children = (
				781D16AA2A2E4455004E12C4 /* Restaurants.swift */,
				781D16AC2A2E447E004E12C4 /* Destination.swift */,
				781D16AE2A2E4495004E12C4 /* Category.swift */,
				781D16B02A2E44E9004E12C4 /* Creatore.swift */,
				78069D4A2A31846C0092D1F2 /* Place.swift */,
				78069D562A38CB7A0092D1F2 /* Attraction.swift */,
				78510D1A2A3C81BB00CD5455 /* Constants.swift */,
			);
			path = Model;
			sourceTree = "<group>";
		};
		785D60A02A4710DE0035A0D3 /* User View */ = {
			isa = PBXGroup;
			children = (
				781D16A72A2E40CC004E12C4 /* TrendingCreatorView.swift */,
				785D60A12A4710FB0035A0D3 /* UserDetailsView.swift */,
			);
			path = "User View";
			sourceTree = "<group>";
		};
		78D37F6F2A43525300A58095 /* Photos */ = {
			isa = PBXGroup;
			children = (
				78D37F702A43526900A58095 /* RestaurantPhotosView.swift */,
				785D609E2A46197E0035A0D3 /* RestaurantCarouselView.swift */,
			);
			path = Photos;
			sourceTree = "<group>";
		};
/* End PBXGroup section */

/* Begin PBXNativeTarget section */
		781D168D2A2B1AFD004E12C4 /* TravelDiscovery */ = {
			isa = PBXNativeTarget;
			buildConfigurationList = 781D169C2A2B1AFD004E12C4 /* Build configuration list for PBXNativeTarget "TravelDiscovery" */;
			buildPhases = (
				781D168A2A2B1AFD004E12C4 /* Sources */,
				781D168B2A2B1AFD004E12C4 /* Frameworks */,
				781D168C2A2B1AFD004E12C4 /* Resources */,
			);
			buildRules = (
			);
			dependencies = (
			);
			name = TravelDiscovery;
			packageProductDependencies = (
				78069D4D2A32DDC80092D1F2 /* Kingfisher */,
			);
			productName = TravelDiscovery;
			productReference = 781D168E2A2B1AFD004E12C4 /* TravelDiscovery.app */;
			productType = "com.apple.product-type.application";
		};
/* End PBXNativeTarget section */

/* Begin PBXProject section */
		781D16862A2B1AFD004E12C4 /* Project object */ = {
			isa = PBXProject;
			attributes = {
				BuildIndependentTargetsInParallel = 1;
				LastSwiftUpdateCheck = 1410;
				LastUpgradeCheck = 1410;
				TargetAttributes = {
					781D168D2A2B1AFD004E12C4 = {
						CreatedOnToolsVersion = 14.1;
					};
				};
			};
			buildConfigurationList = 781D16892A2B1AFD004E12C4 /* Build configuration list for PBXProject "TravelDiscovery" */;
			compatibilityVersion = "Xcode 14.0";
			developmentRegion = en;
			hasScannedForEncodings = 0;
			knownRegions = (
				en,
				Base,
			);
			mainGroup = 781D16852A2B1AFD004E12C4;
			packageReferences = (
				78069D4C2A32DDC80092D1F2 /* XCRemoteSwiftPackageReference "Kingfisher" */,
			);
			productRefGroup = 781D168F2A2B1AFD004E12C4 /* Products */;
			projectDirPath = "";
			projectRoot = "";
			targets = (
				781D168D2A2B1AFD004E12C4 /* TravelDiscovery */,
			);
		};
/* End PBXProject section */

/* Begin PBXResourcesBuildPhase section */
		781D168C2A2B1AFD004E12C4 /* Resources */ = {
			isa = PBXResourcesBuildPhase;
			buildActionMask = 2147483647;
			files = (
				781D16992A2B1AFD004E12C4 /* Preview Assets.xcassets in Resources */,
				781D16962A2B1AFD004E12C4 /* Assets.xcassets in Resources */,
			);
			runOnlyForDeploymentPostprocessing = 0;
		};
/* End PBXResourcesBuildPhase section */

/* Begin PBXSourcesBuildPhase section */
		781D168A2A2B1AFD004E12C4 /* Sources */ = {
			isa = PBXSourcesBuildPhase;
			buildActionMask = 2147483647;
			files = (
				78510D1D2A3C918D00CD5455 /* CategoryDetailsViewModel.swift in Sources */,
				781D16A62A2E40A7004E12C4 /* DiscoverCategoriesView.swift in Sources */,
				78069D592A38D1FC0092D1F2 /* DestinationViewHeader.swift in Sources */,
				78D37F6E2A41FA0800A58095 /* ReviewList.swift in Sources */,
				78069D552A35A6C20092D1F2 /* PopularDestinationDetailsView.swift in Sources */,
				78069D4B2A31846C0092D1F2 /* Place.swift in Sources */,
				78069D472A30E7070092D1F2 /* CategoryDetailsView.swift in Sources */,
				78069D572A38CB7A0092D1F2 /* Attraction.swift in Sources */,
				785D60A22A4710FB0035A0D3 /* UserDetailsView.swift in Sources */,
				785D609F2A46197E0035A0D3 /* RestaurantCarouselView.swift in Sources */,
				781D16AD2A2E447E004E12C4 /* Destination.swift in Sources */,
				781D16942A2B1AFD004E12C4 /* DiscoverView.swift in Sources */,
				781D16A82A2E40CC004E12C4 /* TrendingCreatorView.swift in Sources */,
				781D16922A2B1AFD004E12C4 /* TravelDiscoveryApp.swift in Sources */,
				781D16AF2A2E4495004E12C4 /* Category.swift in Sources */,
				781418C82A40AD7700C67D23 /* DishCell.swift in Sources */,
				781D16A22A2E3FD5004E12C4 /* PopularRestaurantsView.swift in Sources */,
				78069D492A3183840092D1F2 /* ActivityIndicatiorView.swift in Sources */,
				78069D512A35913F0092D1F2 /* NavigationLazyView.swift in Sources */,
				781D16A42A2E404E004E12C4 /* PopularDestinationsView.swift in Sources */,
				781418C62A40572300C67D23 /* RestaurantDetailsView.swift in Sources */,
				781D16B12A2E44E9004E12C4 /* Creatore.swift in Sources */,
				781418CA2A40ADA300C67D23 /* RestaurantDetailsViewMode.swift in Sources */,
				781D16AB2A2E4455004E12C4 /* Restaurants.swift in Sources */,
				78D37F712A43526900A58095 /* RestaurantPhotosView.swift in Sources */,
				78510D1B2A3C81BB00CD5455 /* Constants.swift in Sources */,
			);
			runOnlyForDeploymentPostprocessing = 0;
		};
/* End PBXSourcesBuildPhase section */

/* Begin XCBuildConfiguration section */
		781D169A2A2B1AFD004E12C4 /* Debug */ = {
			isa = XCBuildConfiguration;
			buildSettings = {
				ALWAYS_SEARCH_USER_PATHS = NO;
				CLANG_ANALYZER_NONNULL = YES;
				CLANG_ANALYZER_NUMBER_OBJECT_CONVERSION = YES_AGGRESSIVE;
				CLANG_CXX_LANGUAGE_STANDARD = "gnu++20";
				CLANG_ENABLE_MODULES = YES;
				CLANG_ENABLE_OBJC_ARC = YES;
				CLANG_ENABLE_OBJC_WEAK = YES;
				CLANG_WARN_BLOCK_CAPTURE_AUTORELEASING = YES;
				CLANG_WARN_BOOL_CONVERSION = YES;
				CLANG_WARN_COMMA = YES;
				CLANG_WARN_CONSTANT_CONVERSION = YES;
				CLANG_WARN_DEPRECATED_OBJC_IMPLEMENTATIONS = YES;
				CLANG_WARN_DIRECT_OBJC_ISA_USAGE = YES_ERROR;
				CLANG_WARN_DOCUMENTATION_COMMENTS = YES;
				CLANG_WARN_EMPTY_BODY = YES;
				CLANG_WARN_ENUM_CONVERSION = YES;
				CLANG_WARN_INFINITE_RECURSION = YES;
				CLANG_WARN_INT_CONVERSION = YES;
				CLANG_WARN_NON_LITERAL_NULL_CONVERSION = YES;
				CLANG_WARN_OBJC_IMPLICIT_RETAIN_SELF = YES;
				CLANG_WARN_OBJC_LITERAL_CONVERSION = YES;
				CLANG_WARN_OBJC_ROOT_CLASS = YES_ERROR;
				CLANG_WARN_QUOTED_INCLUDE_IN_FRAMEWORK_HEADER = YES;
				CLANG_WARN_RANGE_LOOP_ANALYSIS = YES;
				CLANG_WARN_STRICT_PROTOTYPES = YES;
				CLANG_WARN_SUSPICIOUS_MOVE = YES;
				CLANG_WARN_UNGUARDED_AVAILABILITY = YES_AGGRESSIVE;
				CLANG_WARN_UNREACHABLE_CODE = YES;
				CLANG_WARN__DUPLICATE_METHOD_MATCH = YES;
				COPY_PHASE_STRIP = NO;
				DEBUG_INFORMATION_FORMAT = dwarf;
				ENABLE_STRICT_OBJC_MSGSEND = YES;
				ENABLE_TESTABILITY = YES;
				GCC_C_LANGUAGE_STANDARD = gnu11;
				GCC_DYNAMIC_NO_PIC = NO;
				GCC_NO_COMMON_BLOCKS = YES;
				GCC_OPTIMIZATION_LEVEL = 0;
				GCC_PREPROCESSOR_DEFINITIONS = (
					"DEBUG=1",
					"$(inherited)",
				);
				GCC_WARN_64_TO_32_BIT_CONVERSION = YES;
				GCC_WARN_ABOUT_RETURN_TYPE = YES_ERROR;
				GCC_WARN_UNDECLARED_SELECTOR = YES;
				GCC_WARN_UNINITIALIZED_AUTOS = YES_AGGRESSIVE;
				GCC_WARN_UNUSED_FUNCTION = YES;
				GCC_WARN_UNUSED_VARIABLE = YES;
				IPHONEOS_DEPLOYMENT_TARGET = 16.1;
				MTL_ENABLE_DEBUG_INFO = INCLUDE_SOURCE;
				MTL_FAST_MATH = YES;
				ONLY_ACTIVE_ARCH = YES;
				SDKROOT = iphoneos;
				SWIFT_ACTIVE_COMPILATION_CONDITIONS = DEBUG;
				SWIFT_OPTIMIZATION_LEVEL = "-Onone";
			};
			name = Debug;
		};
		781D169B2A2B1AFD004E12C4 /* Release */ = {
			isa = XCBuildConfiguration;
			buildSettings = {
				ALWAYS_SEARCH_USER_PATHS = NO;
				CLANG_ANALYZER_NONNULL = YES;
				CLANG_ANALYZER_NUMBER_OBJECT_CONVERSION = YES_AGGRESSIVE;
				CLANG_CXX_LANGUAGE_STANDARD = "gnu++20";
				CLANG_ENABLE_MODULES = YES;
				CLANG_ENABLE_OBJC_ARC = YES;
				CLANG_ENABLE_OBJC_WEAK = YES;
				CLANG_WARN_BLOCK_CAPTURE_AUTORELEASING = YES;
				CLANG_WARN_BOOL_CONVERSION = YES;
				CLANG_WARN_COMMA = YES;
				CLANG_WARN_CONSTANT_CONVERSION = YES;
				CLANG_WARN_DEPRECATED_OBJC_IMPLEMENTATIONS = YES;
				CLANG_WARN_DIRECT_OBJC_ISA_USAGE = YES_ERROR;
				CLANG_WARN_DOCUMENTATION_COMMENTS = YES;
				CLANG_WARN_EMPTY_BODY = YES;
				CLANG_WARN_ENUM_CONVERSION = YES;
				CLANG_WARN_INFINITE_RECURSION = YES;
				CLANG_WARN_INT_CONVERSION = YES;
				CLANG_WARN_NON_LITERAL_NULL_CONVERSION = YES;
				CLANG_WARN_OBJC_IMPLICIT_RETAIN_SELF = YES;
				CLANG_WARN_OBJC_LITERAL_CONVERSION = YES;
				CLANG_WARN_OBJC_ROOT_CLASS = YES_ERROR;
				CLANG_WARN_QUOTED_INCLUDE_IN_FRAMEWORK_HEADER = YES;
				CLANG_WARN_RANGE_LOOP_ANALYSIS = YES;
				CLANG_WARN_STRICT_PROTOTYPES = YES;
				CLANG_WARN_SUSPICIOUS_MOVE = YES;
				CLANG_WARN_UNGUARDED_AVAILABILITY = YES_AGGRESSIVE;
				CLANG_WARN_UNREACHABLE_CODE = YES;
				CLANG_WARN__DUPLICATE_METHOD_MATCH = YES;
				COPY_PHASE_STRIP = NO;
				DEBUG_INFORMATION_FORMAT = "dwarf-with-dsym";
				ENABLE_NS_ASSERTIONS = NO;
				ENABLE_STRICT_OBJC_MSGSEND = YES;
				GCC_C_LANGUAGE_STANDARD = gnu11;
				GCC_NO_COMMON_BLOCKS = YES;
				GCC_WARN_64_TO_32_BIT_CONVERSION = YES;
				GCC_WARN_ABOUT_RETURN_TYPE = YES_ERROR;
				GCC_WARN_UNDECLARED_SELECTOR = YES;
				GCC_WARN_UNINITIALIZED_AUTOS = YES_AGGRESSIVE;
				GCC_WARN_UNUSED_FUNCTION = YES;
				GCC_WARN_UNUSED_VARIABLE = YES;
				IPHONEOS_DEPLOYMENT_TARGET = 16.1;
				MTL_ENABLE_DEBUG_INFO = NO;
				MTL_FAST_MATH = YES;
				SDKROOT = iphoneos;
				SWIFT_COMPILATION_MODE = wholemodule;
				SWIFT_OPTIMIZATION_LEVEL = "-O";
				VALIDATE_PRODUCT = YES;
			};
			name = Release;
		};
		781D169D2A2B1AFD004E12C4 /* Debug */ = {
			isa = XCBuildConfiguration;
			buildSettings = {
				ASSETCATALOG_COMPILER_APPICON_NAME = AppIcon;
				ASSETCATALOG_COMPILER_GLOBAL_ACCENT_COLOR_NAME = AccentColor;
				CODE_SIGN_STYLE = Automatic;
				CURRENT_PROJECT_VERSION = 1;
				DEVELOPMENT_ASSET_PATHS = "\"TravelDiscovery/Preview Content\"";
				ENABLE_PREVIEWS = YES;
				GENERATE_INFOPLIST_FILE = YES;
				INFOPLIST_KEY_UIApplicationSceneManifest_Generation = YES;
				INFOPLIST_KEY_UIApplicationSupportsIndirectInputEvents = YES;
				INFOPLIST_KEY_UILaunchScreen_Generation = YES;
				INFOPLIST_KEY_UISupportedInterfaceOrientations_iPad = "UIInterfaceOrientationPortrait UIInterfaceOrientationPortraitUpsideDown UIInterfaceOrientationLandscapeLeft UIInterfaceOrientationLandscapeRight";
				INFOPLIST_KEY_UISupportedInterfaceOrientations_iPhone = "UIInterfaceOrientationPortrait UIInterfaceOrientationLandscapeLeft UIInterfaceOrientationLandscapeRight";
				LD_RUNPATH_SEARCH_PATHS = (
					"$(inherited)",
					"@executable_path/Frameworks",
				);
				MARKETING_VERSION = 1.0;
				PRODUCT_BUNDLE_IDENTIFIER = tushar.TravelDiscovery;
				PRODUCT_NAME = "$(TARGET_NAME)";
				SWIFT_EMIT_LOC_STRINGS = YES;
				SWIFT_VERSION = 5.0;
				TARGETED_DEVICE_FAMILY = "1,2";
			};
			name = Debug;
		};
		781D169E2A2B1AFD004E12C4 /* Release */ = {
			isa = XCBuildConfiguration;
			buildSettings = {
				ASSETCATALOG_COMPILER_APPICON_NAME = AppIcon;
				ASSETCATALOG_COMPILER_GLOBAL_ACCENT_COLOR_NAME = AccentColor;
				CODE_SIGN_STYLE = Automatic;
				CURRENT_PROJECT_VERSION = 1;
				DEVELOPMENT_ASSET_PATHS = "\"TravelDiscovery/Preview Content\"";
				ENABLE_PREVIEWS = YES;
				GENERATE_INFOPLIST_FILE = YES;
				INFOPLIST_KEY_UIApplicationSceneManifest_Generation = YES;
				INFOPLIST_KEY_UIApplicationSupportsIndirectInputEvents = YES;
				INFOPLIST_KEY_UILaunchScreen_Generation = YES;
				INFOPLIST_KEY_UISupportedInterfaceOrientations_iPad = "UIInterfaceOrientationPortrait UIInterfaceOrientationPortraitUpsideDown UIInterfaceOrientationLandscapeLeft UIInterfaceOrientationLandscapeRight";
				INFOPLIST_KEY_UISupportedInterfaceOrientations_iPhone = "UIInterfaceOrientationPortrait UIInterfaceOrientationLandscapeLeft UIInterfaceOrientationLandscapeRight";
				LD_RUNPATH_SEARCH_PATHS = (
					"$(inherited)",
					"@executable_path/Frameworks",
				);
				MARKETING_VERSION = 1.0;
				PRODUCT_BUNDLE_IDENTIFIER = tushar.TravelDiscovery;
				PRODUCT_NAME = "$(TARGET_NAME)";
				SWIFT_EMIT_LOC_STRINGS = YES;
				SWIFT_VERSION = 5.0;
				TARGETED_DEVICE_FAMILY = "1,2";
			};
			name = Release;
		};
/* End XCBuildConfiguration section */

/* Begin XCConfigurationList section */
		781D16892A2B1AFD004E12C4 /* Build configuration list for PBXProject "TravelDiscovery" */ = {
			isa = XCConfigurationList;
			buildConfigurations = (
				781D169A2A2B1AFD004E12C4 /* Debug */,
				781D169B2A2B1AFD004E12C4 /* Release */,
			);
			defaultConfigurationIsVisible = 0;
			defaultConfigurationName = Release;
		};
		781D169C2A2B1AFD004E12C4 /* Build configuration list for PBXNativeTarget "TravelDiscovery" */ = {
			isa = XCConfigurationList;
			buildConfigurations = (
				781D169D2A2B1AFD004E12C4 /* Debug */,
				781D169E2A2B1AFD004E12C4 /* Release */,
			);
			defaultConfigurationIsVisible = 0;
			defaultConfigurationName = Release;
		};
/* End XCConfigurationList section */

/* Begin XCRemoteSwiftPackageReference section */
		78069D4C2A32DDC80092D1F2 /* XCRemoteSwiftPackageReference "Kingfisher" */ = {
			isa = XCRemoteSwiftPackageReference;
			repositoryURL = "https://github.com/onevcat/Kingfisher";
			requirement = {
				kind = upToNextMajorVersion;
				minimumVersion = 7.0.0;
			};
		};
/* End XCRemoteSwiftPackageReference section */

/* Begin XCSwiftPackageProductDependency section */
		78069D4D2A32DDC80092D1F2 /* Kingfisher */ = {
			isa = XCSwiftPackageProductDependency;
			package = 78069D4C2A32DDC80092D1F2 /* XCRemoteSwiftPackageReference "Kingfisher" */;
			productName = Kingfisher;
		};
/* End XCSwiftPackageProductDependency section */
	};
	rootObject = 781D16862A2B1AFD004E12C4 /* Project object */;
}
